
Microsoft Visual Studio Solution File, Format Version 12.00
# Visual Studio Version 17
VisualStudioVersion = 17.8.34309.116
MinimumVisualStudioVersion = 10.0.40219.1
Project("{FAE04EC0-301F-11D3-BF4B-00C04F79EFBC}") = "SchoolBusWPF", "SchoolBusWPF\SchoolBusWPF.csproj", "{4382663C-72B7-438C-8A38-E1B09A785A36}"
EndProject
Global
	GlobalSection(SolutionConfigurationPlatforms) = preSolution
		Debug|Any CPU = Debug|Any CPU
		Release|Any CPU = Release|Any CPU
	EndGlobalSection
	GlobalSection(ProjectConfigurationPlatforms) = postSolution
		{4382663C-72B7-438C-8A38-E1B09A785A36}.Debug|Any CPU.ActiveCfg = Debug|Any CPU
		{4382663C-72B7-438C-8A38-E1B09A785A36}.Debug|Any CPU.Build.0 = Debug|Any CPU
		{4382663C-72B7-438C-8A38-E1B09A785A36}.Release|Any CPU.ActiveCfg = Release|Any CPU
		{4382663C-72B7-438C-8A38-E1B09A785A36}.Release|Any CPU.Build.0 = Release|Any CPU
	EndGlobalSection
	GlobalSection(SolutionProperties) = preSolution
		HideSolutionNode = FALSE
	EndGlobalSection
	GlobalSection(ExtensibilityGlobals) = postSolution
		SolutionGuid = {7FCB68B3-32F3-4B7F-BDC3-B329C1FEA46E}
	EndGlobalSection
EndGlobal
